
Microsoft Visual Studio Solution File, Format Version 12.00
# Visual Studio Version 17
VisualStudioVersion = 17.13.35825.156
MinimumVisualStudioVersion = 10.0.40219.1
Project("{FAE04EC0-301F-11D3-BF4B-00C04F79EFBC}") = "DesarrolloDeUnSistemaInformaticoEn_PC", "DesarrolloDeUnSistemaInformaticoEn_PC.csproj", "{2027FE07-4FC1-49B4-8DEC-29E64B71B7E0}"
EndProject
Global
	GlobalSection(SolutionConfigurationPlatforms) = preSolution
		Debug|Any CPU = Debug|Any CPU
		Release|Any CPU = Release|Any CPU
	EndGlobalSection
	GlobalSection(ProjectConfigurationPlatforms) = postSolution
		{2027FE07-4FC1-49B4-8DEC-29E64B71B7E0}.Debug|Any CPU.ActiveCfg = Debug|Any CPU
		{2027FE07-4FC1-49B4-8DEC-29E64B71B7E0}.Debug|Any CPU.Build.0 = Debug|Any CPU
		{2027FE07-4FC1-49B4-8DEC-29E64B71B7E0}.Release|Any CPU.ActiveCfg = Release|Any CPU
		{2027FE07-4FC1-49B4-8DEC-29E64B71B7E0}.Release|Any CPU.Build.0 = Release|Any CPU
	EndGlobalSection
	GlobalSection(SolutionProperties) = preSolution
		HideSolutionNode = FALSE
	EndGlobalSection
	GlobalSection(ExtensibilityGlobals) = postSolution
		SolutionGuid = {7663FE2B-E6C3-4D41-864B-96F3CF7ED3BC}
	EndGlobalSection
EndGlobal
